
Microsoft Visual Studio Solution File, Format Version 12.00
# Visual Studio Version 17
VisualStudioVersion = 17.7.34009.444
MinimumVisualStudioVersion = 10.0.40219.1
Project("{9A19103F-16F7-4668-BE54-9A1E7A4F7556}") = "BankAccountNS", "BankAccountNS\BankAccountNS.csproj", "{32D385C5-529D-4F98-B242-F42B967AAB75}"
EndProject
Project("{FAE04EC0-301F-11D3-BF4B-00C04F79EFBC}") = "TestProject1", "TestProject1\TestProject1.csproj", "{6E1740D5-32C1-43DB-ACF9-964663E54648}"
EndProject
Global
	GlobalSection(SolutionConfigurationPlatforms) = preSolution
		Debug|Any CPU = Debug|Any CPU
		Release|Any CPU = Release|Any CPU
	EndGlobalSection
	GlobalSection(ProjectConfigurationPlatforms) = postSolution
		{32D385C5-529D-4F98-B242-F42B967AAB75}.Debug|Any CPU.ActiveCfg = Debug|Any CPU
		{32D385C5-529D-4F98-B242-F42B967AAB75}.Debug|Any CPU.Build.0 = Debug|Any CPU
		{32D385C5-529D-4F98-B242-F42B967AAB75}.Release|Any CPU.ActiveCfg = Release|Any CPU
		{32D385C5-529D-4F98-B242-F42B967AAB75}.Release|Any CPU.Build.0 = Release|Any CPU
		{6E1740D5-32C1-43DB-ACF9-964663E54648}.Debug|Any CPU.ActiveCfg = Debug|Any CPU
		{6E1740D5-32C1-43DB-ACF9-964663E54648}.Debug|Any CPU.Build.0 = Debug|Any CPU
		{6E1740D5-32C1-43DB-ACF9-964663E54648}.Release|Any CPU.ActiveCfg = Release|Any CPU
		{6E1740D5-32C1-43DB-ACF9-964663E54648}.Release|Any CPU.Build.0 = Release|Any CPU
	EndGlobalSection
	GlobalSection(SolutionProperties) = preSolution
		HideSolutionNode = FALSE
	EndGlobalSection
	GlobalSection(ExtensibilityGlobals) = postSolution
		SolutionGuid = {62C7E9EB-1424-48D8-A6F1-88F39EE4DE63}
	EndGlobalSection
EndGlobal
